
Microsoft Visual Studio Solution File, Format Version 12.00
# Visual Studio Version 17
VisualStudioVersion = 17.5.002.0
MinimumVisualStudioVersion = 10.0.40219.1
Project("{9A19103F-16F7-4668-BE54-9A1E7A4F7556}") = "JokesWebApp", "JokesWebApp.csproj", "{4CE6552D-3A95-46F9-BE5A-D67E7820B46D}"
EndProject
Project("{FAE04EC0-301F-11D3-BF4B-00C04F79EFBC}") = "ConsoleApp1", "ConsoleApp1\ConsoleApp1.csproj", "{6BE34590-A72B-44FB-B595-EA57954EF8DA}"
EndProject
Global
	GlobalSection(SolutionConfigurationPlatforms) = preSolution
		Debug|Any CPU = Debug|Any CPU
		Release|Any CPU = Release|Any CPU
	EndGlobalSection
	GlobalSection(ProjectConfigurationPlatforms) = postSolution
		{4CE6552D-3A95-46F9-BE5A-D67E7820B46D}.Debug|Any CPU.ActiveCfg = Debug|Any CPU
		{4CE6552D-3A95-46F9-BE5A-D67E7820B46D}.Debug|Any CPU.Build.0 = Debug|Any CPU
		{4CE6552D-3A95-46F9-BE5A-D67E7820B46D}.Release|Any CPU.ActiveCfg = Release|Any CPU
		{4CE6552D-3A95-46F9-BE5A-D67E7820B46D}.Release|Any CPU.Build.0 = Release|Any CPU
		{6BE34590-A72B-44FB-B595-EA57954EF8DA}.Debug|Any CPU.ActiveCfg = Debug|Any CPU
		{6BE34590-A72B-44FB-B595-EA57954EF8DA}.Debug|Any CPU.Build.0 = Debug|Any CPU
		{6BE34590-A72B-44FB-B595-EA57954EF8DA}.Release|Any CPU.ActiveCfg = Release|Any CPU
		{6BE34590-A72B-44FB-B595-EA57954EF8DA}.Release|Any CPU.Build.0 = Release|Any CPU
	EndGlobalSection
	GlobalSection(SolutionProperties) = preSolution
		HideSolutionNode = FALSE
	EndGlobalSection
	GlobalSection(ExtensibilityGlobals) = postSolution
		SolutionGuid = {C427ECC9-C5F7-4506-BD33-BA3BF73567C9}
	EndGlobalSection
EndGlobal
